
Microsoft Visual Studio Solution File, Format Version 12.00
# Visual Studio Version 17
VisualStudioVersion = 17.11.35327.3
MinimumVisualStudioVersion = 10.0.40219.1
Project("{FAE04EC0-301F-11D3-BF4B-00C04F79EFBC}") = "pROJEKT ZA PIN", "pROJEKT ZA PIN.csproj", "{1BEA4DEE-70D1-45B4-A062-1BFC207C0715}"
EndProject
Global
	GlobalSection(SolutionConfigurationPlatforms) = preSolution
		Debug|Any CPU = Debug|Any CPU
		Release|Any CPU = Release|Any CPU
	EndGlobalSection
	GlobalSection(ProjectConfigurationPlatforms) = postSolution
		{1BEA4DEE-70D1-45B4-A062-1BFC207C0715}.Debug|Any CPU.ActiveCfg = Debug|Any CPU
		{1BEA4DEE-70D1-45B4-A062-1BFC207C0715}.Debug|Any CPU.Build.0 = Debug|Any CPU
		{1BEA4DEE-70D1-45B4-A062-1BFC207C0715}.Release|Any CPU.ActiveCfg = Release|Any CPU
		{1BEA4DEE-70D1-45B4-A062-1BFC207C0715}.Release|Any CPU.Build.0 = Release|Any CPU
	EndGlobalSection
	GlobalSection(SolutionProperties) = preSolution
		HideSolutionNode = FALSE
	EndGlobalSection
	GlobalSection(ExtensibilityGlobals) = postSolution
		SolutionGuid = {20B2DF18-30D3-4DD7-AAC7-06D0052E9765}
	EndGlobalSection
EndGlobal
